# THIS IS AN AUTOGENERATED FILE. DO NOT EDIT THIS FILE DIRECTLY.
# yarn lockfile v1


"@react-native-community/google-signin@^4.0.3":
  version "4.0.3"
  resolved "https://registry.yarnpkg.com/@react-native-community/google-signin/-/google-signin-4.0.3.tgz#66fbdd469e5895ec787224334d480c1c867240e8"
  integrity sha512-0RyMHAPTOejxXuHkcrVLJ9Co1hxG/b1shmtn29QSjZ9W8oLj23gyLhJI4jjca389jToVjr2HsXsDXfNU4CA2Uw==

react-native-google-signin@^2.1.1:
  version "2.1.1"
  resolved "https://registry.yarnpkg.com/react-native-google-signin/-/react-native-google-signin-2.1.1.tgz#4281940eee88602b0181dd49affdf8c92980c85c"
  integrity sha512-6l3fiLdX/bfhh0BoxGq+jGkagFsO+mrE/eRV4+3/0k8+FDxO90vdPpQdDiwlM5vWXRxWthTzMM09/jHw+4cvNw==
